
Microsoft Visual Studio Solution File, Format Version 12.00
# Visual Studio Version 16
VisualStudioVersion = 16.0.34601.136
MinimumVisualStudioVersion = 10.0.40219.1
Project("{FAE04EC0-301F-11D3-BF4B-00C04F79EFBC}") = "Lab1", "Lab1.csproj", "{E124AD59-23FF-4B97-A2F7-08EAC8808BE9}"
EndProject
Global
	GlobalSection(SolutionConfigurationPlatforms) = preSolution
		Debug|Any CPU = Debug|Any CPU
		Release|Any CPU = Release|Any CPU
	EndGlobalSection
	GlobalSection(ProjectConfigurationPlatforms) = postSolution
		{E124AD59-23FF-4B97-A2F7-08EAC8808BE9}.Debug|Any CPU.ActiveCfg = Debug|Any CPU
		{E124AD59-23FF-4B97-A2F7-08EAC8808BE9}.Debug|Any CPU.Build.0 = Debug|Any CPU
		{E124AD59-23FF-4B97-A2F7-08EAC8808BE9}.Release|Any CPU.ActiveCfg = Release|Any CPU
		{E124AD59-23FF-4B97-A2F7-08EAC8808BE9}.Release|Any CPU.Build.0 = Release|Any CPU
	EndGlobalSection
	GlobalSection(SolutionProperties) = preSolution
		HideSolutionNode = FALSE
	EndGlobalSection
	GlobalSection(ExtensibilityGlobals) = postSolution
		SolutionGuid = {2BC98EC1-4DFA-4D93-8C94-014D4C234748}
	EndGlobalSection
EndGlobal
